PODS:
  - LBTATools (1.0.12)
  - Sentry (4.4.3):
    - Sentry/Core (= 4.4.3)
  - Sentry/Core (4.4.3)

DEPENDENCIES:
  - LBTATools
  - Sentry (~> 4.4)

SPEC REPOS:
  trunk:
    - LBTATools
    - Sentry

SPEC CHECKSUMS:
  LBTATools: 389a901a01b9a56bea5682c40cd6e23530f40015
  Sentry: 14bdd673870e8cf64932b149fad5bbbf39a9b390

PODFILE CHECKSUM: c11776aadd4e2c5c82143940e680ddc2db6fdf61

COCOAPODS: 1.8.4
